
Microsoft Visual Studio Solution File, Format Version 12.00
# Visual Studio Version 17
VisualStudioVersion = 17.13.35828.75 d17.13
MinimumVisualStudioVersion = 10.0.40219.1
Project("{FAE04EC0-301F-11D3-BF4B-00C04F79EFBC}") = "MediaAppWebApi", "MediaAppWebApi\MediaAppWebApi.csproj", "{2C1B68F9-15BE-4C78-B1CD-8A54D3A210D8}"
EndProject
Project("{FAE04EC0-301F-11D3-BF4B-00C04F79EFBC}") = "MediaAppWebApp", "MediaAppWebApp\MediaAppWebApp.csproj", "{05C79EF4-B3CE-4E20-8956-593E7C44F2D2}"
EndProject
Global
	GlobalSection(SolutionConfigurationPlatforms) = preSolution
		Debug|Any CPU = Debug|Any CPU
		Release|Any CPU = Release|Any CPU
	EndGlobalSection
	GlobalSection(ProjectConfigurationPlatforms) = postSolution
		{2C1B68F9-15BE-4C78-B1CD-8A54D3A210D8}.Debug|Any CPU.ActiveCfg = Debug|Any CPU
		{2C1B68F9-15BE-4C78-B1CD-8A54D3A210D8}.Debug|Any CPU.Build.0 = Debug|Any CPU
		{2C1B68F9-15BE-4C78-B1CD-8A54D3A210D8}.Release|Any CPU.ActiveCfg = Release|Any CPU
		{2C1B68F9-15BE-4C78-B1CD-8A54D3A210D8}.Release|Any CPU.Build.0 = Release|Any CPU
		{05C79EF4-B3CE-4E20-8956-593E7C44F2D2}.Debug|Any CPU.ActiveCfg = Debug|Any CPU
		{05C79EF4-B3CE-4E20-8956-593E7C44F2D2}.Debug|Any CPU.Build.0 = Debug|Any CPU
		{05C79EF4-B3CE-4E20-8956-593E7C44F2D2}.Release|Any CPU.ActiveCfg = Release|Any CPU
		{05C79EF4-B3CE-4E20-8956-593E7C44F2D2}.Release|Any CPU.Build.0 = Release|Any CPU
	EndGlobalSection
	GlobalSection(SolutionProperties) = preSolution
		HideSolutionNode = FALSE
	EndGlobalSection
	GlobalSection(ExtensibilityGlobals) = postSolution
		SolutionGuid = {85CDBD20-CE10-4702-BFC8-EDCFED641829}
	EndGlobalSection
EndGlobal
